
Microsoft Visual Studio Solution File, Format Version 12.00
# Visual Studio Version 17
VisualStudioVersion = 17.13.35828.75 d17.13
MinimumVisualStudioVersion = 10.0.40219.1
Project("{FAE04EC0-301F-11D3-BF4B-00C04F79EFBC}") = "AppMusicaV1", "AppMusicaV1.csproj", "{A5704CF8-4C2B-459A-BBF6-C5859910BFFF}"
EndProject
Global
	GlobalSection(SolutionConfigurationPlatforms) = preSolution
		Debug|Any CPU = Debug|Any CPU
		Release|Any CPU = Release|Any CPU
	EndGlobalSection
	GlobalSection(ProjectConfigurationPlatforms) = postSolution
		{A5704CF8-4C2B-459A-BBF6-C5859910BFFF}.Debug|Any CPU.ActiveCfg = Debug|Any CPU
		{A5704CF8-4C2B-459A-BBF6-C5859910BFFF}.Debug|Any CPU.Build.0 = Debug|Any CPU
		{A5704CF8-4C2B-459A-BBF6-C5859910BFFF}.Release|Any CPU.ActiveCfg = Release|Any CPU
		{A5704CF8-4C2B-459A-BBF6-C5859910BFFF}.Release|Any CPU.Build.0 = Release|Any CPU
	EndGlobalSection
	GlobalSection(SolutionProperties) = preSolution
		HideSolutionNode = FALSE
	EndGlobalSection
	GlobalSection(ExtensibilityGlobals) = postSolution
		SolutionGuid = {B454BB9E-5A3E-4C66-901A-8CF260DCEF36}
	EndGlobalSection
EndGlobal
